
Microsoft Visual Studio Solution File, Format Version 12.00
# Visual Studio Version 16
VisualStudioVersion = 16.0.29123.88
MinimumVisualStudioVersion = 10.0.40219.1
Project("{FAE04EC0-301F-11D3-BF4B-00C04F79EFBC}") = "Cw1", "Cw1.csproj", "{78293AA7-176F-4E4E-817E-866419423F2B}"
EndProject
Global
	GlobalSection(SolutionConfigurationPlatforms) = preSolution
		Debug|Any CPU = Debug|Any CPU
		Release|Any CPU = Release|Any CPU
	EndGlobalSection
	GlobalSection(ProjectConfigurationPlatforms) = postSolution
		{78293AA7-176F-4E4E-817E-866419423F2B}.Debug|Any CPU.ActiveCfg = Debug|Any CPU
		{78293AA7-176F-4E4E-817E-866419423F2B}.Debug|Any CPU.Build.0 = Debug|Any CPU
		{78293AA7-176F-4E4E-817E-866419423F2B}.Release|Any CPU.ActiveCfg = Release|Any CPU
		{78293AA7-176F-4E4E-817E-866419423F2B}.Release|Any CPU.Build.0 = Release|Any CPU
	EndGlobalSection
	GlobalSection(SolutionProperties) = preSolution
		HideSolutionNode = FALSE
	EndGlobalSection
	GlobalSection(ExtensibilityGlobals) = postSolution
		SolutionGuid = {AFCDBBBD-2C9B-4726-A8F7-917BC65AB56B}
	EndGlobalSection
EndGlobal
